
Microsoft Visual Studio Solution File, Format Version 12.00
# Visual Studio Version 16
VisualStudioVersion = 16.0.32002.261
MinimumVisualStudioVersion = 10.0.40219.1
Project("{FAE04EC0-301F-11D3-BF4B-00C04F79EFBC}") = "MvcMovie", "MvcMovie\MvcMovie.csproj", "{0D4EE3D4-4A61-42C8-8DA2-BD88EF0B0FB4}"
EndProject
Global
	GlobalSection(SolutionConfigurationPlatforms) = preSolution
		Debug|Any CPU = Debug|Any CPU
		Release|Any CPU = Release|Any CPU
	EndGlobalSection
	GlobalSection(ProjectConfigurationPlatforms) = postSolution
		{0D4EE3D4-4A61-42C8-8DA2-BD88EF0B0FB4}.Debug|Any CPU.ActiveCfg = Debug|Any CPU
		{0D4EE3D4-4A61-42C8-8DA2-BD88EF0B0FB4}.Debug|Any CPU.Build.0 = Debug|Any CPU
		{0D4EE3D4-4A61-42C8-8DA2-BD88EF0B0FB4}.Release|Any CPU.ActiveCfg = Release|Any CPU
		{0D4EE3D4-4A61-42C8-8DA2-BD88EF0B0FB4}.Release|Any CPU.Build.0 = Release|Any CPU
	EndGlobalSection
	GlobalSection(SolutionProperties) = preSolution
		HideSolutionNode = FALSE
	EndGlobalSection
	GlobalSection(ExtensibilityGlobals) = postSolution
		SolutionGuid = {806012F3-EE1B-4D8C-8692-BC3DA5FB9ED2}
	EndGlobalSection
EndGlobal
